// !$*UTF8*$!
{
	archiveVersion = 1;
	classes = {
	};
	objectVersion = 46;
	objects = {

/* Begin PBXBuildFile section */
		DD4A33DB1E9DB5D5001AE04E /* AppDelegate.m in Sources */ = {isa = PBXBuildFile; fileRef = DD4A33DA1E9DB5D5001AE04E /* AppDelegate.m */; };
		DD4A33DE1E9DB5D5001AE04E /* main.m in Sources */ = {isa = PBXBuildFile; fileRef = DD4A33DD1E9DB5D5001AE04E /* main.m */; };
		DD4A33E11E9DB5D5001AE04E /* ViewController.m in Sources */ = {isa = PBXBuildFile; fileRef = DD4A33E01E9DB5D5001AE04E /* ViewController.m */; };
		DD4A33E31E9DB5D5001AE04E /* Assets.xcassets in Resources */ = {isa = PBXBuildFile; fileRef = DD4A33E21E9DB5D5001AE04E /* Assets.xcassets */; };
		DD4A33E61E9DB5D5001AE04E /* Main.storyboard in Resources */ = {isa = PBXBuildFile; fileRef = DD4A33E41E9DB5D5001AE04E /* Main.storyboard */; };
		DD4A33F31E9DB60C001AE04E /* JVItemView.m in Sources */ = {isa = PBXBuildFile; fileRef = DD4A33EE1E9DB60C001AE04E /* JVItemView.m */; };
		DD4A33F41E9DB60C001AE04E /* JVSetNameViewController.m in Sources */ = {isa = PBXBuildFile; fileRef = DD4A33F01E9DB60C001AE04E /* JVSetNameViewController.m */; };
		DD4A33F51E9DB60C001AE04E /* JVUpdateKeyModel.m in Sources */ = {isa = PBXBuildFile; fileRef = DD4A33F21E9DB60C001AE04E /* JVUpdateKeyModel.m */; };
/* End PBXBuildFile section */

/* Begin PBXFileReference section */
		DD4A33D61E9DB5D5001AE04E /* JVJSONToModelGenerator.app */ = {isa = PBXFileReference; explicitFileType = wrapper.application; includeInIndex = 0; path = JVJSONToModelGenerator.app; sourceTree = BUILT_PRODUCTS_DIR; };
		DD4A33D91E9DB5D5001AE04E /* AppDelegate.h */ = {isa = PBXFileReference; lastKnownFileType = sourcecode.c.h; path = AppDelegate.h; sourceTree = "<group>"; };
		DD4A33DA1E9DB5D5001AE04E /* AppDelegate.m */ = {isa = PBXFileReference; lastKnownFileType = sourcecode.c.objc; path = AppDelegate.m; sourceTree = "<group>"; };
		DD4A33DD1E9DB5D5001AE04E /* main.m */ = {isa = PBXFileReference; lastKnownFileType = sourcecode.c.objc; path = main.m; sourceTree = "<group>"; };
		DD4A33DF1E9DB5D5001AE04E /* ViewController.h */ = {isa = PBXFileReference; lastKnownFileType = sourcecode.c.h; path = ViewController.h; sourceTree = "<group>"; };
		DD4A33E01E9DB5D5001AE04E /* ViewController.m */ = {isa = PBXFileReference; lastKnownFileType = sourcecode.c.objc; path = ViewController.m; sourceTree = "<group>"; };
		DD4A33E21E9DB5D5001AE04E /* Assets.xcassets */ = {isa = PBXFileReference; lastKnownFileType = folder.assetcatalog; path = Assets.xcassets; sourceTree = "<group>"; };
		DD4A33E51E9DB5D5001AE04E /* Base */ = {isa = PBXFileReference; lastKnownFileType = file.storyboard; name = Base; path = Base.lproj/Main.storyboard; sourceTree = "<group>"; };
		DD4A33E71E9DB5D5001AE04E /* Info.plist */ = {isa = PBXFileReference; lastKnownFileType = text.plist.xml; path = Info.plist; sourceTree = "<group>"; };
		DD4A33ED1E9DB60C001AE04E /* JVItemView.h */ = {isa = PBXFileReference; fileEncoding = 4; lastKnownFileType = sourcecode.c.h; path = JVItemView.h; sourceTree = "<group>"; };
		DD4A33EE1E9DB60C001AE04E /* JVItemView.m */ = {isa = PBXFileReference; fileEncoding = 4; lastKnownFileType = sourcecode.c.objc; path = JVItemView.m; sourceTree = "<group>"; };
		DD4A33EF1E9DB60C001AE04E /* JVSetNameViewController.h */ = {isa = PBXFileReference; fileEncoding = 4; lastKnownFileType = sourcecode.c.h; path = JVSetNameViewController.h; sourceTree = "<group>"; };
		DD4A33F01E9DB60C001AE04E /* JVSetNameViewController.m */ = {isa = PBXFileReference; fileEncoding = 4; lastKnownFileType = sourcecode.c.objc; path = JVSetNameViewController.m; sourceTree = "<group>"; };
		DD4A33F11E9DB60C001AE04E /* JVUpdateKeyModel.h */ = {isa = PBXFileReference; fileEncoding = 4; lastKnownFileType = sourcecode.c.h; path = JVUpdateKeyModel.h; sourceTree = "<group>"; };
		DD4A33F21E9DB60C001AE04E /* JVUpdateKeyModel.m */ = {isa = PBXFileReference; fileEncoding = 4; lastKnownFileType = sourcecode.c.objc; path = JVUpdateKeyModel.m; sourceTree = "<group>"; };
/* End PBXFileReference section */

/* Begin PBXFrameworksBuildPhase section */
		DD4A33D31E9DB5D5001AE04E /* Frameworks */ = {
			isa = PBXFrameworksBuildPhase;
			buildActionMask = 2147483647;
			files = (
			);
			runOnlyForDeploymentPostprocessing = 0;
		};
/* End PBXFrameworksBuildPhase section */

/* Begin PBXGroup section */
		DD4A33CD1E9DB5D5001AE04E = {
			isa = PBXGroup;
			children = (
				DD4A33D81E9DB5D5001AE04E /* JVJSONToModelGenerator */,
				DD4A33D71E9DB5D5001AE04E /* Products */,
			);
			sourceTree = "<group>";
		};
		DD4A33D71E9DB5D5001AE04E /* Products */ = {
			isa = PBXGroup;
			children = (
				DD4A33D61E9DB5D5001AE04E /* JVJSONToModelGenerator.app */,
			);
			name = Products;
			sourceTree = "<group>";
		};
		DD4A33D81E9DB5D5001AE04E /* JVJSONToModelGenerator */ = {
			isa = PBXGroup;
			children = (
				DD4A33ED1E9DB60C001AE04E /* JVItemView.h */,
				DD4A33EE1E9DB60C001AE04E /* JVItemView.m */,
				DD4A33EF1E9DB60C001AE04E /* JVSetNameViewController.h */,
				DD4A33F01E9DB60C001AE04E /* JVSetNameViewController.m */,
				DD4A33F11E9DB60C001AE04E /* JVUpdateKeyModel.h */,
				DD4A33F21E9DB60C001AE04E /* JVUpdateKeyModel.m */,
				DD4A33D91E9DB5D5001AE04E /* AppDelegate.h */,
				DD4A33DA1E9DB5D5001AE04E /* AppDelegate.m */,
				DD4A33DF1E9DB5D5001AE04E /* ViewController.h */,
				DD4A33E01E9DB5D5001AE04E /* ViewController.m */,
				DD4A33E21E9DB5D5001AE04E /* Assets.xcassets */,
				DD4A33E41E9DB5D5001AE04E /* Main.storyboard */,
				DD4A33E71E9DB5D5001AE04E /* Info.plist */,
				DD4A33DC1E9DB5D5001AE04E /* Supporting Files */,
			);
			path = JVJSONToModelGenerator;
			sourceTree = "<group>";
		};
		DD4A33DC1E9DB5D5001AE04E /* Supporting Files */ = {
			isa = PBXGroup;
			children = (
				DD4A33DD1E9DB5D5001AE04E /* main.m */,
			);
			name = "Supporting Files";
			sourceTree = "<group>";
		};
/* End PBXGroup section */

/* Begin PBXNativeTarget section */
		DD4A33D51E9DB5D5001AE04E /* JVJSONToModelGenerator */ = {
			isa = PBXNativeTarget;
			buildConfigurationList = DD4A33EA1E9DB5D5001AE04E /* Build configuration list for PBXNativeTarget "JVJSONToModelGenerator" */;
			buildPhases = (
				DD4A33D21E9DB5D5001AE04E /* Sources */,
				DD4A33D31E9DB5D5001AE04E /* Frameworks */,
				DD4A33D41E9DB5D5001AE04E /* Resources */,
			);
			buildRules = (
			);
			dependencies = (
			);
			name = JVJSONToModelGenerator;
			productName = JVJSONToModelGenerator;
			productReference = DD4A33D61E9DB5D5001AE04E /* JVJSONToModelGenerator.app */;
			productType = "com.apple.product-type.application";
		};
/* End PBXNativeTarget section */

/* Begin PBXProject section */
		DD4A33CE1E9DB5D5001AE04E /* Project object */ = {
			isa = PBXProject;
			attributes = {
				LastUpgradeCheck = 0830;
				ORGANIZATIONNAME = JarvanZhang;
				TargetAttributes = {
					DD4A33D51E9DB5D5001AE04E = {
						CreatedOnToolsVersion = 8.3;
						DevelopmentTeam = 3NLD2967N6;
						ProvisioningStyle = Automatic;
					};
				};
			};
			buildConfigurationList = DD4A33D11E9DB5D5001AE04E /* Build configuration list for PBXProject "JVJSONToModelGenerator" */;
			compatibilityVersion = "Xcode 3.2";
			developmentRegion = English;
			hasScannedForEncodings = 0;
			knownRegions = (
				en,
				Base,
			);
			mainGroup = DD4A33CD1E9DB5D5001AE04E;
			productRefGroup = DD4A33D71E9DB5D5001AE04E /* Products */;
			projectDirPath = "";
			projectRoot = "";
			targets = (
				DD4A33D51E9DB5D5001AE04E /* JVJSONToModelGenerator */,
			);
		};
/* End PBXProject section */

/* Begin PBXResourcesBuildPhase section */
		DD4A33D41E9DB5D5001AE04E /* Resources */ = {
			isa = PBXResourcesBuildPhase;
			buildActionMask = 2147483647;
			files = (
				DD4A33E31E9DB5D5001AE04E /* Assets.xcassets in Resources */,
				DD4A33E61E9DB5D5001AE04E /* Main.storyboard in Resources */,
			);
			runOnlyForDeploymentPostprocessing = 0;
		};
/* End PBXResourcesBuildPhase section */

/* Begin PBXSourcesBuildPhase section */
		DD4A33D21E9DB5D5001AE04E /* Sources */ = {
			isa = PBXSourcesBuildPhase;
			buildActionMask = 2147483647;
			files = (
				DD4A33F51E9DB60C001AE04E /* JVUpdateKeyModel.m in Sources */,
				DD4A33E11E9DB5D5001AE04E /* ViewController.m in Sources */,
				DD4A33F31E9DB60C001AE04E /* JVItemView.m in Sources */,
				DD4A33DE1E9DB5D5001AE04E /* main.m in Sources */,
				DD4A33DB1E9DB5D5001AE04E /* AppDelegate.m in Sources */,
				DD4A33F41E9DB60C001AE04E /* JVSetNameViewController.m in Sources */,
			);
			runOnlyForDeploymentPostprocessing = 0;
		};
/* End PBXSourcesBuildPhase section */

/* Begin PBXVariantGroup section */
		DD4A33E41E9DB5D5001AE04E /* Main.storyboard */ = {
			isa = PBXVariantGroup;
			children = (
				DD4A33E51E9DB5D5001AE04E /* Base */,
			);
			name = Main.storyboard;
			sourceTree = "<group>";
		};
/* End PBXVariantGroup section */

/* Begin XCBuildConfiguration section */
		DD4A33E81E9DB5D5001AE04E /* Debug */ = {
			isa = XCBuildConfiguration;
			buildSettings = {
				ALWAYS_SEARCH_USER_PATHS = NO;
				CLANG_ANALYZER_NONNULL = YES;
				CLANG_ANALYZER_NUMBER_OBJECT_CONVERSION = YES_AGGRESSIVE;
				CLANG_CXX_LANGUAGE_STANDARD = "gnu++0x";
				CLANG_CXX_LIBRARY = "libc++";
				CLANG_ENABLE_MODULES = YES;
				CLANG_ENABLE_OBJC_ARC = YES;
				CLANG_WARN_BOOL_CONVERSION = YES;
				CLANG_WARN_CONSTANT_CONVERSION = YES;
				CLANG_WARN_DIRECT_OBJC_ISA_USAGE = YES_ERROR;
				CLANG_WARN_DOCUMENTATION_COMMENTS = YES;
				CLANG_WARN_EMPTY_BODY = YES;
				CLANG_WARN_ENUM_CONVERSION = YES;
				CLANG_WARN_INFINITE_RECURSION = YES;
				CLANG_WARN_INT_CONVERSION = YES;
				CLANG_WARN_OBJC_ROOT_CLASS = YES_ERROR;
				CLANG_WARN_SUSPICIOUS_MOVE = YES;
				CLANG_WARN_UNREACHABLE_CODE = YES;
				CLANG_WARN__DUPLICATE_METHOD_MATCH = YES;
				CODE_SIGN_IDENTITY = "-";
				COPY_PHASE_STRIP = NO;
				DEBUG_INFORMATION_FORMAT = dwarf;
				ENABLE_STRICT_OBJC_MSGSEND = YES;
				ENABLE_TESTABILITY = YES;
				GCC_C_LANGUAGE_STANDARD = gnu99;
				GCC_DYNAMIC_NO_PIC = NO;
				GCC_NO_COMMON_BLOCKS = YES;
				GCC_OPTIMIZATION_LEVEL = 0;
				GCC_PREPROCESSOR_DEFINITIONS = (
					"DEBUG=1",
					"$(inherited)",
				);
				GCC_WARN_64_TO_32_BIT_CONVERSION = YES;
				GCC_WARN_ABOUT_RETURN_TYPE = YES_ERROR;
				GCC_WARN_UNDECLARED_SELECTOR = YES;
				GCC_WARN_UNINITIALIZED_AUTOS = YES_AGGRESSIVE;
				GCC_WARN_UNUSED_FUNCTION = YES;
				GCC_WARN_UNUSED_VARIABLE = YES;
				MACOSX_DEPLOYMENT_TARGET = 10.12;
				MTL_ENABLE_DEBUG_INFO = YES;
				ONLY_ACTIVE_ARCH = YES;
				SDKROOT = macosx;
			};
			name = Debug;
		};
		DD4A33E91E9DB5D5001AE04E /* Release */ = {
			isa = XCBuildConfiguration;
			buildSettings = {
				ALWAYS_SEARCH_USER_PATHS = NO;
				CLANG_ANALYZER_NONNULL = YES;
				CLANG_ANALYZER_NUMBER_OBJECT_CONVERSION = YES_AGGRESSIVE;
				CLANG_CXX_LANGUAGE_STANDARD = "gnu++0x";
				CLANG_CXX_LIBRARY = "libc++";
				CLANG_ENABLE_MODULES = YES;
				CLANG_ENABLE_OBJC_ARC = YES;
				CLANG_WARN_BOOL_CONVERSION = YES;
				CLANG_WARN_CONSTANT_CONVERSION = YES;
				CLANG_WARN_DIRECT_OBJC_ISA_USAGE = YES_ERROR;
				CLANG_WARN_DOCUMENTATION_COMMENTS = YES;
				CLANG_WARN_EMPTY_BODY = YES;
				CLANG_WARN_ENUM_CONVERSION = YES;
				CLANG_WARN_INFINITE_RECURSION = YES;
				CLANG_WARN_INT_CONVERSION = YES;
				CLANG_WARN_OBJC_ROOT_CLASS = YES_ERROR;
				CLANG_WARN_SUSPICIOUS_MOVE = YES;
				CLANG_WARN_UNREACHABLE_CODE = YES;
				CLANG_WARN__DUPLICATE_METHOD_MATCH = YES;
				CODE_SIGN_IDENTITY = "-";
				COPY_PHASE_STRIP = NO;
				DEBUG_INFORMATION_FORMAT = "dwarf-with-dsym";
				ENABLE_NS_ASSERTIONS = NO;
				ENABLE_STRICT_OBJC_MSGSEND = YES;
				GCC_C_LANGUAGE_STANDARD = gnu99;
				GCC_NO_COMMON_BLOCKS = YES;
				GCC_WARN_64_TO_32_BIT_CONVERSION = YES;
				GCC_WARN_ABOUT_RETURN_TYPE = YES_ERROR;
				GCC_WARN_UNDECLARED_SELECTOR = YES;
				GCC_WARN_UNINITIALIZED_AUTOS = YES_AGGRESSIVE;
				GCC_WARN_UNUSED_FUNCTION = YES;
				GCC_WARN_UNUSED_VARIABLE = YES;
				MACOSX_DEPLOYMENT_TARGET = 10.12;
				MTL_ENABLE_DEBUG_INFO = NO;
				SDKROOT = macosx;
			};
			name = Release;
		};
		DD4A33EB1E9DB5D5001AE04E /* Debug */ = {
			isa = XCBuildConfiguration;
			buildSettings = {
				ASSETCATALOG_COMPILER_APPICON_NAME = AppIcon;
				COMBINE_HIDPI_IMAGES = YES;
				DEVELOPMENT_TEAM = 3NLD2967N6;
				INFOPLIST_FILE = JVJSONToModelGenerator/Info.plist;
				LD_RUNPATH_SEARCH_PATHS = "$(inherited) @executable_path/../Frameworks";
				PRODUCT_BUNDLE_IDENTIFIER = com.New.JVJSONToModelGenerator;
				PRODUCT_NAME = "$(TARGET_NAME)";
			};
			name = Debug;
		};
		DD4A33EC1E9DB5D5001AE04E /* Release */ = {
			isa = XCBuildConfiguration;
			buildSettings = {
				ASSETCATALOG_COMPILER_APPICON_NAME = AppIcon;
				COMBINE_HIDPI_IMAGES = YES;
				DEVELOPMENT_TEAM = 3NLD2967N6;
				INFOPLIST_FILE = JVJSONToModelGenerator/Info.plist;
				LD_RUNPATH_SEARCH_PATHS = "$(inherited) @executable_path/../Frameworks";
				PRODUCT_BUNDLE_IDENTIFIER = com.New.JVJSONToModelGenerator;
				PRODUCT_NAME = "$(TARGET_NAME)";
			};
			name = Release;
		};
/* End XCBuildConfiguration section */

/* Begin XCConfigurationList section */
		DD4A33D11E9DB5D5001AE04E /* Build configuration list for PBXProject "JVJSONToModelGenerator" */ = {
			isa = XCConfigurationList;
			buildConfigurations = (
				DD4A33E81E9DB5D5001AE04E /* Debug */,
				DD4A33E91E9DB5D5001AE04E /* Release */,
			);
			defaultConfigurationIsVisible = 0;
			defaultConfigurationName = Release;
		};
		DD4A33EA1E9DB5D5001AE04E /* Build configuration list for PBXNativeTarget "JVJSONToModelGenerator" */ = {
			isa = XCConfigurationList;
			buildConfigurations = (
				DD4A33EB1E9DB5D5001AE04E /* Debug */,
				DD4A33EC1E9DB5D5001AE04E /* Release */,
			);
			defaultConfigurationIsVisible = 0;
		};
/* End XCConfigurationList section */
	};
	rootObject = DD4A33CE1E9DB5D5001AE04E /* Project object */;
}
